// !$*UTF8*$!
{
	archiveVersion = 1;
	classes = {
	};
	objectVersion = 46;
	objects = {

/* Begin PBXBuildFile section */
		8B197F0F1DEC94DC00680359 /* AppDelegate.swift in Sources */ = {isa = PBXBuildFile; fileRef = 8B197F0E1DEC94DC00680359 /* AppDelegate.swift */; };
		8B197F111DEC94DC00680359 /* ViewController.swift in Sources */ = {isa = PBXBuildFile; fileRef = 8B197F101DEC94DC00680359 /* ViewController.swift */; };
		8B197F141DEC94DC00680359 /* Main.storyboard in Resources */ = {isa = PBXBuildFile; fileRef = 8B197F121DEC94DC00680359 /* Main.storyboard */; };
		8B197F161DEC94DC00680359 /* Assets.xcassets in Resources */ = {isa = PBXBuildFile; fileRef = 8B197F151DEC94DC00680359 /* Assets.xcassets */; };
		8B197F191DEC94DC00680359 /* LaunchScreen.storyboard in Resources */ = {isa = PBXBuildFile; fileRef = 8B197F171DEC94DC00680359 /* LaunchScreen.storyboard */; };
		8B197F241DEC94DC00680359 /* TipCalculatorTests.swift in Sources */ = {isa = PBXBuildFile; fileRef = 8B197F231DEC94DC00680359 /* TipCalculatorTests.swift */; };
		8B197F2F1DEC94DC00680359 /* TipCalculatorUITests.swift in Sources */ = {isa = PBXBuildFile; fileRef = 8B197F2E1DEC94DC00680359 /* TipCalculatorUITests.swift */; };
/* End PBXBuildFile section */

/* Begin PBXContainerItemProxy section */
		8B197F201DEC94DC00680359 /* PBXContainerItemProxy */ = {
			isa = PBXContainerItemProxy;
			containerPortal = 8B197F031DEC94DB00680359 /* Project object */;
			proxyType = 1;
			remoteGlobalIDString = 8B197F0A1DEC94DB00680359;
			remoteInfo = TipCalculator;
		};
		8B197F2B1DEC94DC00680359 /* PBXContainerItemProxy */ = {
			isa = PBXContainerItemProxy;
			containerPortal = 8B197F031DEC94DB00680359 /* Project object */;
			proxyType = 1;
			remoteGlobalIDString = 8B197F0A1DEC94DB00680359;
			remoteInfo = TipCalculator;
		};
/* End PBXContainerItemProxy section */

/* Begin PBXFileReference section */
		8B197F0B1DEC94DC00680359 /* TipCalculator.app */ = {isa = PBXFileReference; explicitFileType = wrapper.application; includeInIndex = 0; path = TipCalculator.app; sourceTree = BUILT_PRODUCTS_DIR; };
		8B197F0E1DEC94DC00680359 /* AppDelegate.swift */ = {isa = PBXFileReference; lastKnownFileType = sourcecode.swift; path = AppDelegate.swift; sourceTree = "<group>"; };
		8B197F101DEC94DC00680359 /* ViewController.swift */ = {isa = PBXFileReference; lastKnownFileType = sourcecode.swift; path = ViewController.swift; sourceTree = "<group>"; };
		8B197F131DEC94DC00680359 /* Base */ = {isa = PBXFileReference; lastKnownFileType = file.storyboard; name = Base; path = Base.lproj/Main.storyboard; sourceTree = "<group>"; };
		8B197F151DEC94DC00680359 /* Assets.xcassets */ = {isa = PBXFileReference; lastKnownFileType = folder.assetcatalog; path = Assets.xcassets; sourceTree = "<group>"; };
		8B197F181DEC94DC00680359 /* Base */ = {isa = PBXFileReference; lastKnownFileType = file.storyboard; name = Base; path = Base.lproj/LaunchScreen.storyboard; sourceTree = "<group>"; };
		8B197F1A1DEC94DC00680359 /* Info.plist */ = {isa = PBXFileReference; lastKnownFileType = text.plist.xml; path = Info.plist; sourceTree = "<group>"; };
		8B197F1F1DEC94DC00680359 /* TipCalculatorTests.xctest */ = {isa = PBXFileReference; explicitFileType = wrapper.cfbundle; includeInIndex = 0; path = TipCalculatorTests.xctest; sourceTree = BUILT_PRODUCTS_DIR; };
		8B197F231DEC94DC00680359 /* TipCalculatorTests.swift */ = {isa = PBXFileReference; lastKnownFileType = sourcecode.swift; path = TipCalculatorTests.swift; sourceTree = "<group>"; };
		8B197F251DEC94DC00680359 /* Info.plist */ = {isa = PBXFileReference; lastKnownFileType = text.plist.xml; path = Info.plist; sourceTree = "<group>"; };
		8B197F2A1DEC94DC00680359 /* TipCalculatorUITests.xctest */ = {isa = PBXFileReference; explicitFileType = wrapper.cfbundle; includeInIndex = 0; path = TipCalculatorUITests.xctest; sourceTree = BUILT_PRODUCTS_DIR; };
		8B197F2E1DEC94DC00680359 /* TipCalculatorUITests.swift */ = {isa = PBXFileReference; lastKnownFileType = sourcecode.swift; path = TipCalculatorUITests.swift; sourceTree = "<group>"; };
		8B197F301DEC94DC00680359 /* Info.plist */ = {isa = PBXFileReference; lastKnownFileType = text.plist.xml; path = Info.plist; sourceTree = "<group>"; };
/* End PBXFileReference section */

/* Begin PBXFrameworksBuildPhase section */
		8B197F081DEC94DB00680359 /* Frameworks */ = {
			isa = PBXFrameworksBuildPhase;
			buildActionMask = 2147483647;
			files = (
			);
			runOnlyForDeploymentPostprocessing = 0;
		};
		8B197F1C1DEC94DC00680359 /* Frameworks */ = {
			isa = PBXFrameworksBuildPhase;
			buildActionMask = 2147483647;
			files = (
			);
			runOnlyForDeploymentPostprocessing = 0;
		};
		8B197F271DEC94DC00680359 /* Frameworks */ = {
			isa = PBXFrameworksBuildPhase;
			buildActionMask = 2147483647;
			files = (
			);
			runOnlyForDeploymentPostprocessing = 0;
		};
/* End PBXFrameworksBuildPhase section */

/* Begin PBXGroup section */
		8B197F021DEC94DB00680359 = {
			isa = PBXGroup;
			children = (
				8B197F0D1DEC94DC00680359 /* TipCalculator */,
				8B197F221DEC94DC00680359 /* TipCalculatorTests */,
				8B197F2D1DEC94DC00680359 /* TipCalculatorUITests */,
				8B197F0C1DEC94DC00680359 /* Products */,
			);
			sourceTree = "<group>";
		};
		8B197F0C1DEC94DC00680359 /* Products */ = {
			isa = PBXGroup;
			children = (
				8B197F0B1DEC94DC00680359 /* TipCalculator.app */,
				8B197F1F1DEC94DC00680359 /* TipCalculatorTests.xctest */,
				8B197F2A1DEC94DC00680359 /* TipCalculatorUITests.xctest */,
			);
			name = Products;
			sourceTree = "<group>";
		};
		8B197F0D1DEC94DC00680359 /* TipCalculator */ = {
			isa = PBXGroup;
			children = (
				8B197F0E1DEC94DC00680359 /* AppDelegate.swift */,
				8B197F101DEC94DC00680359 /* ViewController.swift */,
				8B197F121DEC94DC00680359 /* Main.storyboard */,
				8B197F151DEC94DC00680359 /* Assets.xcassets */,
				8B197F171DEC94DC00680359 /* LaunchScreen.storyboard */,
				8B197F1A1DEC94DC00680359 /* Info.plist */,
			);
			path = TipCalculator;
			sourceTree = "<group>";
		};
		8B197F221DEC94DC00680359 /* TipCalculatorTests */ = {
			isa = PBXGroup;
			children = (
				8B197F231DEC94DC00680359 /* TipCalculatorTests.swift */,
				8B197F251DEC94DC00680359 /* Info.plist */,
			);
			path = TipCalculatorTests;
			sourceTree = "<group>";
		};
		8B197F2D1DEC94DC00680359 /* TipCalculatorUITests */ = {
			isa = PBXGroup;
			children = (
				8B197F2E1DEC94DC00680359 /* TipCalculatorUITests.swift */,
				8B197F301DEC94DC00680359 /* Info.plist */,
			);
			path = TipCalculatorUITests;
			sourceTree = "<group>";
		};
/* End PBXGroup section */

/* Begin PBXNativeTarget section */
		8B197F0A1DEC94DB00680359 /* TipCalculator */ = {
			isa = PBXNativeTarget;
			buildConfigurationList = 8B197F331DEC94DC00680359 /* Build configuration list for PBXNativeTarget "TipCalculator" */;
			buildPhases = (
				8B197F071DEC94DB00680359 /* Sources */,
				8B197F081DEC94DB00680359 /* Frameworks */,
				8B197F091DEC94DB00680359 /* Resources */,
			);
			buildRules = (
			);
			dependencies = (
			);
			name = TipCalculator;
			productName = TipCalculator;
			productReference = 8B197F0B1DEC94DC00680359 /* TipCalculator.app */;
			productType = "com.apple.product-type.application";
		};
		8B197F1E1DEC94DC00680359 /* TipCalculatorTests */ = {
			isa = PBXNativeTarget;
			buildConfigurationList = 8B197F361DEC94DC00680359 /* Build configuration list for PBXNativeTarget "TipCalculatorTests" */;
			buildPhases = (
				8B197F1B1DEC94DC00680359 /* Sources */,
				8B197F1C1DEC94DC00680359 /* Frameworks */,
				8B197F1D1DEC94DC00680359 /* Resources */,
			);
			buildRules = (
			);
			dependencies = (
				8B197F211DEC94DC00680359 /* PBXTargetDependency */,
			);
			name = TipCalculatorTests;
			productName = TipCalculatorTests;
			productReference = 8B197F1F1DEC94DC00680359 /* TipCalculatorTests.xctest */;
			productType = "com.apple.product-type.bundle.unit-test";
		};
		8B197F291DEC94DC00680359 /* TipCalculatorUITests */ = {
			isa = PBXNativeTarget;
			buildConfigurationList = 8B197F391DEC94DC00680359 /* Build configuration list for PBXNativeTarget "TipCalculatorUITests" */;
			buildPhases = (
				8B197F261DEC94DC00680359 /* Sources */,
				8B197F271DEC94DC00680359 /* Frameworks */,
				8B197F281DEC94DC00680359 /* Resources */,
			);
			buildRules = (
			);
			dependencies = (
				8B197F2C1DEC94DC00680359 /* PBXTargetDependency */,
			);
			name = TipCalculatorUITests;
			productName = TipCalculatorUITests;
			productReference = 8B197F2A1DEC94DC00680359 /* TipCalculatorUITests.xctest */;
			productType = "com.apple.product-type.bundle.ui-testing";
		};
/* End PBXNativeTarget section */

/* Begin PBXProject section */
		8B197F031DEC94DB00680359 /* Project object */ = {
			isa = PBXProject;
			attributes = {
				LastSwiftUpdateCheck = 0810;
				LastUpgradeCheck = 0810;
				ORGANIZATIONNAME = "Abu Butt";
				TargetAttributes = {
					8B197F0A1DEC94DB00680359 = {
						CreatedOnToolsVersion = 8.1;
						ProvisioningStyle = Automatic;
					};
					8B197F1E1DEC94DC00680359 = {
						CreatedOnToolsVersion = 8.1;
						ProvisioningStyle = Automatic;
						TestTargetID = 8B197F0A1DEC94DB00680359;
					};
					8B197F291DEC94DC00680359 = {
						CreatedOnToolsVersion = 8.1;
						ProvisioningStyle = Automatic;
						TestTargetID = 8B197F0A1DEC94DB00680359;
					};
				};
			};
			buildConfigurationList = 8B197F061DEC94DB00680359 /* Build configuration list for PBXProject "TipCalculator" */;
			compatibilityVersion = "Xcode 3.2";
			developmentRegion = English;
			hasScannedForEncodings = 0;
			knownRegions = (
				en,
				Base,
			);
			mainGroup = 8B197F021DEC94DB00680359;
			productRefGroup = 8B197F0C1DEC94DC00680359 /* Products */;
			projectDirPath = "";
			projectRoot = "";
			targets = (
				8B197F0A1DEC94DB00680359 /* TipCalculator */,
				8B197F1E1DEC94DC00680359 /* TipCalculatorTests */,
				8B197F291DEC94DC00680359 /* TipCalculatorUITests */,
			);
		};
/* End PBXProject section */

/* Begin PBXResourcesBuildPhase section */
		8B197F091DEC94DB00680359 /* Resources */ = {
			isa = PBXResourcesBuildPhase;
			buildActionMask = 2147483647;
			files = (
				8B197F191DEC94DC00680359 /* LaunchScreen.storyboard in Resources */,
				8B197F161DEC94DC00680359 /* Assets.xcassets in Resources */,
				8B197F141DEC94DC00680359 /* Main.storyboard in Resources */,
			);
			runOnlyForDeploymentPostprocessing = 0;
		};
		8B197F1D1DEC94DC00680359 /* Resources */ = {
			isa = PBXResourcesBuildPhase;
			buildActionMask = 2147483647;
			files = (
			);
			runOnlyForDeploymentPostprocessing = 0;
		};
		8B197F281DEC94DC00680359 /* Resources */ = {
			isa = PBXResourcesBuildPhase;
			buildActionMask = 2147483647;
			files = (
			);
			runOnlyForDeploymentPostprocessing = 0;
		};
/* End PBXResourcesBuildPhase section */

/* Begin PBXSourcesBuildPhase section */
		8B197F071DEC94DB00680359 /* Sources */ = {
			isa = PBXSourcesBuildPhase;
			buildActionMask = 2147483647;
			files = (
				8B197F111DEC94DC00680359 /* ViewController.swift in Sources */,
				8B197F0F1DEC94DC00680359 /* AppDelegate.swift in Sources */,
			);
			runOnlyForDeploymentPostprocessing = 0;
		};
		8B197F1B1DEC94DC00680359 /* Sources */ = {
			isa = PBXSourcesBuildPhase;
			buildActionMask = 2147483647;
			files = (
				8B197F241DEC94DC00680359 /* TipCalculatorTests.swift in Sources */,
			);
			runOnlyForDeploymentPostprocessing = 0;
		};
		8B197F261DEC94DC00680359 /* Sources */ = {
			isa = PBXSourcesBuildPhase;
			buildActionMask = 2147483647;
			files = (
				8B197F2F1DEC94DC00680359 /* TipCalculatorUITests.swift in Sources */,
			);
			runOnlyForDeploymentPostprocessing = 0;
		};
/* End PBXSourcesBuildPhase section */

/* Begin PBXTargetDependency section */
		8B197F211DEC94DC00680359 /* PBXTargetDependency */ = {
			isa = PBXTargetDependency;
			target = 8B197F0A1DEC94DB00680359 /* TipCalculator */;
			targetProxy = 8B197F201DEC94DC00680359 /* PBXContainerItemProxy */;
		};
		8B197F2C1DEC94DC00680359 /* PBXTargetDependency */ = {
			isa = PBXTargetDependency;
			target = 8B197F0A1DEC94DB00680359 /* TipCalculator */;
			targetProxy = 8B197F2B1DEC94DC00680359 /* PBXContainerItemProxy */;
		};
/* End PBXTargetDependency section */

/* Begin PBXVariantGroup section */
		8B197F121DEC94DC00680359 /* Main.storyboard */ = {
			isa = PBXVariantGroup;
			children = (
				8B197F131DEC94DC00680359 /* Base */,
			);
			name = Main.storyboard;
			sourceTree = "<group>";
		};
		8B197F171DEC94DC00680359 /* LaunchScreen.storyboard */ = {
			isa = PBXVariantGroup;
			children = (
				8B197F181DEC94DC00680359 /* Base */,
			);
			name = LaunchScreen.storyboard;
			sourceTree = "<group>";
		};
/* End PBXVariantGroup section */

/* Begin XCBuildConfiguration section */
		8B197F311DEC94DC00680359 /* Debug */ = {
			isa = XCBuildConfiguration;
			buildSettings = {
				ALWAYS_SEARCH_USER_PATHS = NO;
				CLANG_ANALYZER_NONNULL = YES;
				CLANG_CXX_LANGUAGE_STANDARD = "gnu++0x";
				CLANG_CXX_LIBRARY = "libc++";
				CLANG_ENABLE_MODULES = YES;
				CLANG_ENABLE_OBJC_ARC = YES;
				CLANG_WARN_BOOL_CONVERSION = YES;
				CLANG_WARN_CONSTANT_CONVERSION = YES;
				CLANG_WARN_DIRECT_OBJC_ISA_USAGE = YES_ERROR;
				CLANG_WARN_DOCUMENTATION_COMMENTS = YES;
				CLANG_WARN_EMPTY_BODY = YES;
				CLANG_WARN_ENUM_CONVERSION = YES;
				CLANG_WARN_INFINITE_RECURSION = YES;
				CLANG_WARN_INT_CONVERSION = YES;
				CLANG_WARN_OBJC_ROOT_CLASS = YES_ERROR;
				CLANG_WARN_SUSPICIOUS_MOVES = YES;
				CLANG_WARN_UNREACHABLE_CODE = YES;
				CLANG_WARN__DUPLICATE_METHOD_MATCH = YES;
				"CODE_SIGN_IDENTITY[sdk=iphoneos*]" = "iPhone Developer";
				COPY_PHASE_STRIP = NO;
				DEBUG_INFORMATION_FORMAT = dwarf;
				ENABLE_STRICT_OBJC_MSGSEND = YES;
				ENABLE_TESTABILITY = YES;
				GCC_C_LANGUAGE_STANDARD = gnu99;
				GCC_DYNAMIC_NO_PIC = NO;
				GCC_NO_COMMON_BLOCKS = YES;
				GCC_OPTIMIZATION_LEVEL = 0;
				GCC_PREPROCESSOR_DEFINITIONS = (
					"DEBUG=1",
					"$(inherited)",
				);
				GCC_WARN_64_TO_32_BIT_CONVERSION = YES;
				GCC_WARN_ABOUT_RETURN_TYPE = YES_ERROR;
				GCC_WARN_UNDECLARED_SELECTOR = YES;
				GCC_WARN_UNINITIALIZED_AUTOS = YES_AGGRESSIVE;
				GCC_WARN_UNUSED_FUNCTION = YES;
				GCC_WARN_UNUSED_VARIABLE = YES;
				IPHONEOS_DEPLOYMENT_TARGET = 10.1;
				MTL_ENABLE_DEBUG_INFO = YES;
				ONLY_ACTIVE_ARCH = YES;
				SDKROOT = iphoneos;
				SWIFT_ACTIVE_COMPILATION_CONDITIONS = DEBUG;
				SWIFT_OPTIMIZATION_LEVEL = "-Onone";
			};
			name = Debug;
		};
		8B197F321DEC94DC00680359 /* Release */ = {
			isa = XCBuildConfiguration;
			buildSettings = {
				ALWAYS_SEARCH_USER_PATHS = NO;
				CLANG_ANALYZER_NONNULL = YES;
				CLANG_CXX_LANGUAGE_STANDARD = "gnu++0x";
				CLANG_CXX_LIBRARY = "libc++";
				CLANG_ENABLE_MODULES = YES;
				CLANG_ENABLE_OBJC_ARC = YES;
				CLANG_WARN_BOOL_CONVERSION = YES;
				CLANG_WARN_CONSTANT_CONVERSION = YES;
				CLANG_WARN_DIRECT_OBJC_ISA_USAGE = YES_ERROR;
				CLANG_WARN_DOCUMENTATION_COMMENTS = YES;
				CLANG_WARN_EMPTY_BODY = YES;
				CLANG_WARN_ENUM_CONVERSION = YES;
				CLANG_WARN_INFINITE_RECURSION = YES;
				CLANG_WARN_INT_CONVERSION = YES;
				CLANG_WARN_OBJC_ROOT_CLASS = YES_ERROR;
				CLANG_WARN_SUSPICIOUS_MOVES = YES;
				CLANG_WARN_UNREACHABLE_CODE = YES;
				CLANG_WARN__DUPLICATE_METHOD_MATCH = YES;
				"CODE_SIGN_IDENTITY[sdk=iphoneos*]" = "iPhone Developer";
				COPY_PHASE_STRIP = NO;
				DEBUG_INFORMATION_FORMAT = "dwarf-with-dsym";
				ENABLE_NS_ASSERTIONS = NO;
				ENABLE_STRICT_OBJC_MSGSEND = YES;
				GCC_C_LANGUAGE_STANDARD = gnu99;
				GCC_NO_COMMON_BLOCKS = YES;
				GCC_WARN_64_TO_32_BIT_CONVERSION = YES;
				GCC_WARN_ABOUT_RETURN_TYPE = YES_ERROR;
				GCC_WARN_UNDECLARED_SELECTOR = YES;
				GCC_WARN_UNINITIALIZED_AUTOS = YES_AGGRESSIVE;
				GCC_WARN_UNUSED_FUNCTION = YES;
				GCC_WARN_UNUSED_VARIABLE = YES;
				IPHONEOS_DEPLOYMENT_TARGET = 10.1;
				MTL_ENABLE_DEBUG_INFO = NO;
				SDKROOT = iphoneos;
				SWIFT_OPTIMIZATION_LEVEL = "-Owholemodule";
				VALIDATE_PRODUCT = YES;
			};
			name = Release;
		};
		8B197F341DEC94DC00680359 /* Debug */ = {
			isa = XCBuildConfiguration;
			buildSettings = {
				ASSETCATALOG_COMPILER_APPICON_NAME = AppIcon;
				INFOPLIST_FILE = TipCalculator/Info.plist;
				LD_RUNPATH_SEARCH_PATHS = "$(inherited) @executable_path/Frameworks";
				PRODUCT_BUNDLE_IDENTIFIER = A.TipCalculator;
				PRODUCT_NAME = "$(TARGET_NAME)";
				SWIFT_VERSION = 3.0;
			};
			name = Debug;
		};
		8B197F351DEC94DC00680359 /* Release */ = {
			isa = XCBuildConfiguration;
			buildSettings = {
				ASSETCATALOG_COMPILER_APPICON_NAME = AppIcon;
				INFOPLIST_FILE = TipCalculator/Info.plist;
				LD_RUNPATH_SEARCH_PATHS = "$(inherited) @executable_path/Frameworks";
				PRODUCT_BUNDLE_IDENTIFIER = A.TipCalculator;
				PRODUCT_NAME = "$(TARGET_NAME)";
				SWIFT_VERSION = 3.0;
			};
			name = Release;
		};
		8B197F371DEC94DC00680359 /* Debug */ = {
			isa = XCBuildConfiguration;
			buildSettings = {
				ALWAYS_EMBED_SWIFT_STANDARD_LIBRARIES = YES;
				BUNDLE_LOADER = "$(TEST_HOST)";
				INFOPLIST_FILE = TipCalculatorTests/Info.plist;
				LD_RUNPATH_SEARCH_PATHS = "$(inherited) @executable_path/Frameworks @loader_path/Frameworks";
				PRODUCT_BUNDLE_IDENTIFIER = A.TipCalculatorTests;
				PRODUCT_NAME = "$(TARGET_NAME)";
				SWIFT_VERSION = 3.0;
				TEST_HOST = "$(BUILT_PRODUCTS_DIR)/TipCalculator.app/TipCalculator";
			};
			name = Debug;
		};
		8B197F381DEC94DC00680359 /* Release */ = {
			isa = XCBuildConfiguration;
			buildSettings = {
				ALWAYS_EMBED_SWIFT_STANDARD_LIBRARIES = YES;
				BUNDLE_LOADER = "$(TEST_HOST)";
				INFOPLIST_FILE = TipCalculatorTests/Info.plist;
				LD_RUNPATH_SEARCH_PATHS = "$(inherited) @executable_path/Frameworks @loader_path/Frameworks";
				PRODUCT_BUNDLE_IDENTIFIER = A.TipCalculatorTests;
				PRODUCT_NAME = "$(TARGET_NAME)";
				SWIFT_VERSION = 3.0;
				TEST_HOST = "$(BUILT_PRODUCTS_DIR)/TipCalculator.app/TipCalculator";
			};
			name = Release;
		};
		8B197F3A1DEC94DC00680359 /* Debug */ = {
			isa = XCBuildConfiguration;
			buildSettings = {
				ALWAYS_EMBED_SWIFT_STANDARD_LIBRARIES = YES;
				INFOPLIST_FILE = TipCalculatorUITests/Info.plist;
				LD_RUNPATH_SEARCH_PATHS = "$(inherited) @executable_path/Frameworks @loader_path/Frameworks";
				PRODUCT_BUNDLE_IDENTIFIER = A.TipCalculatorUITests;
				PRODUCT_NAME = "$(TARGET_NAME)";
				SWIFT_VERSION = 3.0;
				TEST_TARGET_NAME = TipCalculator;
			};
			name = Debug;
		};
		8B197F3B1DEC94DC00680359 /* Release */ = {
			isa = XCBuildConfiguration;
			buildSettings = {
				ALWAYS_EMBED_SWIFT_STANDARD_LIBRARIES = YES;
				INFOPLIST_FILE = TipCalculatorUITests/Info.plist;
				LD_RUNPATH_SEARCH_PATHS = "$(inherited) @executable_path/Frameworks @loader_path/Frameworks";
				PRODUCT_BUNDLE_IDENTIFIER = A.TipCalculatorUITests;
				PRODUCT_NAME = "$(TARGET_NAME)";
				SWIFT_VERSION = 3.0;
				TEST_TARGET_NAME = TipCalculator;
			};
			name = Release;
		};
/* End XCBuildConfiguration section */

/* Begin XCConfigurationList section */
		8B197F061DEC94DB00680359 /* Build configuration list for PBXProject "TipCalculator" */ = {
			isa = XCConfigurationList;
			buildConfigurations = (
				8B197F311DEC94DC00680359 /* Debug */,
				8B197F321DEC94DC00680359 /* Release */,
			);
			defaultConfigurationIsVisible = 0;
			defaultConfigurationName = Release;
		};
		8B197F331DEC94DC00680359 /* Build configuration list for PBXNativeTarget "TipCalculator" */ = {
			isa = XCConfigurationList;
			buildConfigurations = (
				8B197F341DEC94DC00680359 /* Debug */,
				8B197F351DEC94DC00680359 /* Release */,
			);
			defaultConfigurationIsVisible = 0;
		};
		8B197F361DEC94DC00680359 /* Build configuration list for PBXNativeTarget "TipCalculatorTests" */ = {
			isa = XCConfigurationList;
			buildConfigurations = (
				8B197F371DEC94DC00680359 /* Debug */,
				8B197F381DEC94DC00680359 /* Release */,
			);
			defaultConfigurationIsVisible = 0;
		};
		8B197F391DEC94DC00680359 /* Build configuration list for PBXNativeTarget "TipCalculatorUITests" */ = {
			isa = XCConfigurationList;
			buildConfigurations = (
				8B197F3A1DEC94DC00680359 /* Debug */,
				8B197F3B1DEC94DC00680359 /* Release */,
			);
			defaultConfigurationIsVisible = 0;
		};
/* End XCConfigurationList section */
	};
	rootObject = 8B197F031DEC94DB00680359 /* Project object */;
}
